
Microsoft Visual Studio Solution File, Format Version 12.00
# Visual Studio Version 17
VisualStudioVersion = 17.4.33213.308
MinimumVisualStudioVersion = 10.0.40219.1
Project("{FAE04EC0-301F-11D3-BF4B-00C04F79EFBC}") = "BasicPiano", "BasicPiano\BasicPiano.csproj", "{F4F72B3B-0B03-4EE9-B301-E123351FA46C}"
EndProject
Global
	GlobalSection(SolutionConfigurationPlatforms) = preSolution
		Debug|Any CPU = Debug|Any CPU
		Release|Any CPU = Release|Any CPU
	EndGlobalSection
	GlobalSection(ProjectConfigurationPlatforms) = postSolution
		{F4F72B3B-0B03-4EE9-B301-E123351FA46C}.Debug|Any CPU.ActiveCfg = Debug|Any CPU
		{F4F72B3B-0B03-4EE9-B301-E123351FA46C}.Debug|Any CPU.Build.0 = Debug|Any CPU
		{F4F72B3B-0B03-4EE9-B301-E123351FA46C}.Release|Any CPU.ActiveCfg = Release|Any CPU
		{F4F72B3B-0B03-4EE9-B301-E123351FA46C}.Release|Any CPU.Build.0 = Release|Any CPU
	EndGlobalSection
	GlobalSection(SolutionProperties) = preSolution
		HideSolutionNode = FALSE
	EndGlobalSection
	GlobalSection(ExtensibilityGlobals) = postSolution
		SolutionGuid = {3C944E66-87C7-4AE7-8B3A-BF6074AEF9C5}
	EndGlobalSection
EndGlobal
